Microsoft Visual Studio Solution File, Format Version 12.00
# Visual Studio 15
VisualStudioVersion = 15.0.26430.12
MinimumVisualStudioVersion = 15.0.26124.0
Project("{FAE04EC0-301F-11D3-BF4B-00C04F79EFBC}") = "Fibon.Api", "Fibon.Api\Fibon.Api.csproj", "{45D82C86-E152-4E88-9F82-4E9C44A8D2C5}"
EndProject
Project("{FAE04EC0-301F-11D3-BF4B-00C04F79EFBC}") = "Fibon.Service", "Fibon.Service\Fibon.Service.csproj", "{707C72A7-6323-47D4-988E-3A1ADA89D9E8}"
EndProject
Project("{FAE04EC0-301F-11D3-BF4B-00C04F79EFBC}") = "Fibon.Messages", "Fibon.Messages\Fibon.Messages.csproj", "{B43C2740-0CE7-4B79-990A-60A481ACC155}"
EndProject
Project("{FAE04EC0-301F-11D3-BF4B-00C04F79EFBC}") = "Fibon.Tests", "Fibon.Tests\Fibon.Tests.csproj", "{9D92BFB2-C004-47CC-8AC4-0F2B5855D076}"
EndProject
Global
	GlobalSection(SolutionConfigurationPlatforms) = preSolution
		Debug|Any CPU = Debug|Any CPU
		Debug|x64 = Debug|x64
		Debug|x86 = Debug|x86
		Release|Any CPU = Release|Any CPU
		Release|x64 = Release|x64
		Release|x86 = Release|x86
	EndGlobalSection
	GlobalSection(ProjectConfigurationPlatforms) = postSolution
		{45D82C86-E152-4E88-9F82-4E9C44A8D2C5}.Debug|Any CPU.ActiveCfg = Debug|Any CPU
		{45D82C86-E152-4E88-9F82-4E9C44A8D2C5}.Debug|Any CPU.Build.0 = Debug|Any CPU
		{45D82C86-E152-4E88-9F82-4E9C44A8D2C5}.Debug|x64.ActiveCfg = Debug|Any CPU
		{45D82C86-E152-4E88-9F82-4E9C44A8D2C5}.Debug|x64.Build.0 = Debug|Any CPU
		{45D82C86-E152-4E88-9F82-4E9C44A8D2C5}.Debug|x86.ActiveCfg = Debug|Any CPU
		{45D82C86-E152-4E88-9F82-4E9C44A8D2C5}.Debug|x86.Build.0 = Debug|Any CPU
		{45D82C86-E152-4E88-9F82-4E9C44A8D2C5}.Release|Any CPU.ActiveCfg = Release|Any CPU
		{45D82C86-E152-4E88-9F82-4E9C44A8D2C5}.Release|Any CPU.Build.0 = Release|Any CPU
		{45D82C86-E152-4E88-9F82-4E9C44A8D2C5}.Release|x64.ActiveCfg = Release|Any CPU
		{45D82C86-E152-4E88-9F82-4E9C44A8D2C5}.Release|x64.Build.0 = Release|Any CPU
		{45D82C86-E152-4E88-9F82-4E9C44A8D2C5}.Release|x86.ActiveCfg = Release|Any CPU
		{45D82C86-E152-4E88-9F82-4E9C44A8D2C5}.Release|x86.Build.0 = Release|Any CPU
		{707C72A7-6323-47D4-988E-3A1ADA89D9E8}.Debug|Any CPU.ActiveCfg = Debug|Any CPU
		{707C72A7-6323-47D4-988E-3A1ADA89D9E8}.Debug|Any CPU.Build.0 = Debug|Any CPU
		{707C72A7-6323-47D4-988E-3A1ADA89D9E8}.Debug|x64.ActiveCfg = Debug|Any CPU
		{707C72A7-6323-47D4-988E-3A1ADA89D9E8}.Debug|x64.Build.0 = Debug|Any CPU
		{707C72A7-6323-47D4-988E-3A1ADA89D9E8}.Debug|x86.ActiveCfg = Debug|Any CPU
		{707C72A7-6323-47D4-988E-3A1ADA89D9E8}.Debug|x86.Build.0 = Debug|Any CPU
		{707C72A7-6323-47D4-988E-3A1ADA89D9E8}.Release|Any CPU.ActiveCfg = Release|Any CPU
		{707C72A7-6323-47D4-988E-3A1ADA89D9E8}.Release|Any CPU.Build.0 = Release|Any CPU
		{707C72A7-6323-47D4-988E-3A1ADA89D9E8}.Release|x64.ActiveCfg = Release|Any CPU
		{707C72A7-6323-47D4-988E-3A1ADA89D9E8}.Release|x64.Build.0 = Release|Any CPU
		{707C72A7-6323-47D4-988E-3A1ADA89D9E8}.Release|x86.ActiveCfg = Release|Any CPU
		{707C72A7-6323-47D4-988E-3A1ADA89D9E8}.Release|x86.Build.0 = Release|Any CPU
		{B43C2740-0CE7-4B79-990A-60A481ACC155}.Debug|Any CPU.ActiveCfg = Debug|Any CPU
		{B43C2740-0CE7-4B79-990A-60A481ACC155}.Debug|Any CPU.Build.0 = Debug|Any CPU
		{B43C2740-0CE7-4B79-990A-60A481ACC155}.Debug|x64.ActiveCfg = Debug|Any CPU
		{B43C2740-0CE7-4B79-990A-60A481ACC155}.Debug|x64.Build.0 = Debug|Any CPU
		{B43C2740-0CE7-4B79-990A-60A481ACC155}.Debug|x86.ActiveCfg = Debug|Any CPU
		{B43C2740-0CE7-4B79-990A-60A481ACC155}.Debug|x86.Build.0 = Debug|Any CPU
		{B43C2740-0CE7-4B79-990A-60A481ACC155}.Release|Any CPU.ActiveCfg = Release|Any CPU
		{B43C2740-0CE7-4B79-990A-60A481ACC155}.Release|Any CPU.Build.0 = Release|Any CPU
		{B43C2740-0CE7-4B79-990A-60A481ACC155}.Release|x64.ActiveCfg = Release|Any CPU
		{B43C2740-0CE7-4B79-990A-60A481ACC155}.Release|x64.Build.0 = Release|Any CPU
		{B43C2740-0CE7-4B79-990A-60A481ACC155}.Release|x86.ActiveCfg = Release|Any CPU
		{B43C2740-0CE7-4B79-990A-60A481ACC155}.Release|x86.Build.0 = Release|Any CPU
		{9D92BFB2-C004-47CC-8AC4-0F2B5855D076}.Debug|Any CPU.ActiveCfg = Debug|Any CPU
		{9D92BFB2-C004-47CC-8AC4-0F2B5855D076}.Debug|Any CPU.Build.0 = Debug|Any CPU
		{9D92BFB2-C004-47CC-8AC4-0F2B5855D076}.Debug|x64.ActiveCfg = Debug|Any CPU
		{9D92BFB2-C004-47CC-8AC4-0F2B5855D076}.Debug|x64.Build.0 = Debug|Any CPU
		{9D92BFB2-C004-47CC-8AC4-0F2B5855D076}.Debug|x86.ActiveCfg = Debug|Any CPU
		{9D92BFB2-C004-47CC-8AC4-0F2B5855D076}.Debug|x86.Build.0 = Debug|Any CPU
		{9D92BFB2-C004-47CC-8AC4-0F2B5855D076}.Release|Any CPU.ActiveCfg = Release|Any CPU
		{9D92BFB2-C004-47CC-8AC4-0F2B5855D076}.Release|Any CPU.Build.0 = Release|Any CPU
		{9D92BFB2-C004-47CC-8AC4-0F2B5855D076}.Release|x64.ActiveCfg = Release|Any CPU
		{9D92BFB2-C004-47CC-8AC4-0F2B5855D076}.Release|x64.Build.0 = Release|Any CPU
		{9D92BFB2-C004-47CC-8AC4-0F2B5855D076}.Release|x86.ActiveCfg = Release|Any CPU
		{9D92BFB2-C004-47CC-8AC4-0F2B5855D076}.Release|x86.Build.0 = Release|Any CPU
	EndGlobalSection
	GlobalSection(SolutionProperties) = preSolution
		HideSolutionNode = FALSE
	EndGlobalSection
EndGlobal
